
Microsoft Visual Studio Solution File, Format Version 12.00
# Visual Studio Version 17
VisualStudioVersion = 17.3.32929.385
MinimumVisualStudioVersion = 10.0.40219.1
Project("{FAE04EC0-301F-11D3-BF4B-00C04F79EFBC}") = "Komaromi_Gyorgyi_Lab2", "Komaromi_Gyorgyi_Lab2.csproj", "{3AF9FD7F-FED9-4C4E-BCDE-AE10A9AA51AA}"
EndProject
Global
	GlobalSection(SolutionConfigurationPlatforms) = preSolution
		Debug|Any CPU = Debug|Any CPU
		Release|Any CPU = Release|Any CPU
	EndGlobalSection
	GlobalSection(ProjectConfigurationPlatforms) = postSolution
		{3AF9FD7F-FED9-4C4E-BCDE-AE10A9AA51AA}.Debug|Any CPU.ActiveCfg = Debug|Any CPU
		{3AF9FD7F-FED9-4C4E-BCDE-AE10A9AA51AA}.Debug|Any CPU.Build.0 = Debug|Any CPU
		{3AF9FD7F-FED9-4C4E-BCDE-AE10A9AA51AA}.Release|Any CPU.ActiveCfg = Release|Any CPU
		{3AF9FD7F-FED9-4C4E-BCDE-AE10A9AA51AA}.Release|Any CPU.Build.0 = Release|Any CPU
	EndGlobalSection
	GlobalSection(SolutionProperties) = preSolution
		HideSolutionNode = FALSE
	EndGlobalSection
	GlobalSection(ExtensibilityGlobals) = postSolution
		SolutionGuid = {0536720D-2A4B-4553-9A47-F280142607D5}
	EndGlobalSection
EndGlobal
